<Solution>
  <Folder Name="/playground/" />
  <Folder Name="/playground/DTS/">
    <Project Path="playground/AspireDTS/AspireDTS.AppHost/AspireDTS.AppHost.csproj" />
    <Project Path="playground/AspireDTS/AspireDTS.Client/AspireDTS.Client.csproj" />
    <Project Path="playground/AspireDTS/AspireDTS.ServiceDefaults/AspireDTS.ServiceDefaults.csproj" />
    <Project Path="playground/AspireDTS/AspireDTS.Worker/AspireDTS.Worker.csproj" />
  </Folder>
  <Folder Name="/playground/Groups/">
    <Project Path="playground/AspireGroupSupport/AspireGroupSupport.csproj" />
  </Folder>
  <Folder Name="/playground/JWT/">
    <Project Path="playground/JwtAuth/JwtAuth.ApiOne/JwtAuth.ApiOne.csproj" />
    <Project Path="playground/JwtAuth/JwtAuth.ApiTwo/JwtAuth.ApiTwo.csproj" />
    <Project Path="playground/JwtAuth/JwtAuth.AppHost/JwtAuth.AppHost.csproj" />
    <Project Path="playground/JwtAuth/JwtAuth.ServiceDefaults/JwtAuth.ServiceDefaults.csproj" />
    <Project Path="playground/JwtAuth/JwtAuth.Tests/JwtAuth.Tests.csproj" />
  </Folder>
  <Folder Name="/src/">
    <Project Path="src/Aspire.Hosting.Groups/Aspire.Hosting.Groups.csproj" />
    <Project Path="src/Aspire.Hosting.DevJwt/Aspire.Hosting.DevJwt.csproj" />
  </Folder>
</Solution>
